
Microsoft Visual Studio Solution File, Format Version 12.00
# Visual Studio Version 17
VisualStudioVersion = 17.9.34728.123
MinimumVisualStudioVersion = 10.0.40219.1
Project("{FAE04EC0-301F-11D3-BF4B-00C04F79EFBC}") = "proga2", "proga2\proga2.csproj", "{04A85ECA-34A2-46F9-9053-D7366E5FC15D}"
EndProject
Global
	GlobalSection(SolutionConfigurationPlatforms) = preSolution
		Debug|Any CPU = Debug|Any CPU
		Release|Any CPU = Release|Any CPU
	EndGlobalSection
	GlobalSection(ProjectConfigurationPlatforms) = postSolution
		{04A85ECA-34A2-46F9-9053-D7366E5FC15D}.Debug|Any CPU.ActiveCfg = Debug|Any CPU
		{04A85ECA-34A2-46F9-9053-D7366E5FC15D}.Debug|Any CPU.Build.0 = Debug|Any CPU
		{04A85ECA-34A2-46F9-9053-D7366E5FC15D}.Release|Any CPU.ActiveCfg = Release|Any CPU
		{04A85ECA-34A2-46F9-9053-D7366E5FC15D}.Release|Any CPU.Build.0 = Release|Any CPU
	EndGlobalSection
	GlobalSection(SolutionProperties) = preSolution
		HideSolutionNode = FALSE
	EndGlobalSection
	GlobalSection(ExtensibilityGlobals) = postSolution
		SolutionGuid = {EFF2A00C-67B0-4573-933B-D19223214327}
	EndGlobalSection
EndGlobal
